{

  "name": "Treydi-Web",

  "lockfileVersion": 2,

  "requires": true,

  "packages": {

    "vendor/symfony/ux-turbo/assets": {

      "name": "@symfony/ux-turbo",

      "version": "0.1.0",

      "extraneous": true,

      "license": "MIT",

      "devDependencies": {

        "@hotwired/stimulus": "^3.0.0",

        "@hotwired/turbo": "^7.1.0",

        "jest-canvas-mock": "^2.3.0"

      },

      "peerDependencies": {

        "@hotwired/stimulus": "^3.0.0",

        "@hotwired/turbo": "^7.0.1"

      }

    }

  }

}

